// !$*UTF8*$!
{
	archiveVersion = 1;
	classes = {
	};
	objectVersion = 46;
	objects = {

/* Begin PBXBuildFile section */
		B9B531191A859A9300AB0070 /* main.m in Sources */ = {isa = PBXBuildFile; fileRef = B9B531181A859A9300AB0070 /* main.m */; };
		B9B5311C1A859A9400AB0070 /* AppDelegate.m in Sources */ = {isa = PBXBuildFile; fileRef = B9B5311B1A859A9400AB0070 /* AppDelegate.m */; };
		B9B5311F1A859A9400AB0070 /* ViewController.m in Sources */ = {isa = PBXBuildFile; fileRef = B9B5311E1A859A9400AB0070 /* ViewController.m */; };
		B9B531221A859A9400AB0070 /* Main.storyboard in Resources */ = {isa = PBXBuildFile; fileRef = B9B531201A859A9400AB0070 /* Main.storyboard */; };
		B9B531241A859A9400AB0070 /* Images.xcassets in Resources */ = {isa = PBXBuildFile; fileRef = B9B531231A859A9400AB0070 /* Images.xcassets */; };
		B9B531271A859A9400AB0070 /* LaunchScreen.xib in Resources */ = {isa = PBXBuildFile; fileRef = B9B531251A859A9400AB0070 /* LaunchScreen.xib */; };
		B9B531331A859A9500AB0070 /* Oaxaca_PushTests.m in Sources */ = {isa = PBXBuildFile; fileRef = B9B531321A859A9500AB0070 /* Oaxaca_PushTests.m */; };
		B9B5315D1A859F3700AB0070 /* NSDate+RFC1123.html in Resources */ = {isa = PBXBuildFile; fileRef = B9B531401A859F3700AB0070 /* NSDate+RFC1123.html */; };
		B9B5315E1A859F3700AB0070 /* NSString+GTMNSStringHTMLAdditions.html in Resources */ = {isa = PBXBuildFile; fileRef = B9B531411A859F3700AB0070 /* NSString+GTMNSStringHTMLAdditions.html */; };
		B9B5315F1A859F3700AB0070 /* PushNotificationManager.html in Resources */ = {isa = PBXBuildFile; fileRef = B9B531431A859F3700AB0070 /* PushNotificationManager.html */; };
		B9B531601A859F3700AB0070 /* PWNetworkEngine.html in Resources */ = {isa = PBXBuildFile; fileRef = B9B531441A859F3700AB0070 /* PWNetworkEngine.html */; };
		B9B531611A859F3700AB0070 /* PWNetworkOperation.html in Resources */ = {isa = PBXBuildFile; fileRef = B9B531451A859F3700AB0070 /* PWNetworkOperation.html */; };
		B9B531621A859F3700AB0070 /* PWReachability.html in Resources */ = {isa = PBXBuildFile; fileRef = B9B531461A859F3700AB0070 /* PWReachability.html */; };
		B9B531631A859F3700AB0070 /* PWTags.html in Resources */ = {isa = PBXBuildFile; fileRef = B9B531471A859F3700AB0070 /* PWTags.html */; };
		B9B531641A859F3700AB0070 /* PWBeaconAction.html in Resources */ = {isa = PBXBuildFile; fileRef = B9B531491A859F3700AB0070 /* PWBeaconAction.html */; };
		B9B531651A859F3700AB0070 /* PWSupportedOrientations.html in Resources */ = {isa = PBXBuildFile; fileRef = B9B5314A1A859F3700AB0070 /* PWSupportedOrientations.html */; };
		B9B531661A859F3700AB0070 /* styles.css in Resources */ = {isa = PBXBuildFile; fileRef = B9B5314C1A859F3700AB0070 /* styles.css */; };
		B9B531671A859F3700AB0070 /* stylesPrint.css in Resources */ = {isa = PBXBuildFile; fileRef = B9B5314D1A859F3700AB0070 /* stylesPrint.css */; };
		B9B531681A859F3700AB0070 /* hierarchy.html in Resources */ = {isa = PBXBuildFile; fileRef = B9B5314E1A859F3700AB0070 /* hierarchy.html */; };
		B9B531691A859F3700AB0070 /* button_bar_background.png in Resources */ = {isa = PBXBuildFile; fileRef = B9B531501A859F3700AB0070 /* button_bar_background.png */; };
		B9B5316A1A859F3700AB0070 /* disclosure.png in Resources */ = {isa = PBXBuildFile; fileRef = B9B531511A859F3700AB0070 /* disclosure.png */; };
		B9B5316B1A859F3700AB0070 /* disclosure_open.png in Resources */ = {isa = PBXBuildFile; fileRef = B9B531521A859F3700AB0070 /* disclosure_open.png */; };
		B9B5316C1A859F3700AB0070 /* library_background.png in Resources */ = {isa = PBXBuildFile; fileRef = B9B531531A859F3700AB0070 /* library_background.png */; };
		B9B5316D1A859F3700AB0070 /* title_background.png in Resources */ = {isa = PBXBuildFile; fileRef = B9B531541A859F3700AB0070 /* title_background.png */; };
		B9B5316E1A859F3700AB0070 /* index.html in Resources */ = {isa = PBXBuildFile; fileRef = B9B531551A859F3700AB0070 /* index.html */; };
		B9B5316F1A859F3700AB0070 /* PushNotificationDelegate.html in Resources */ = {isa = PBXBuildFile; fileRef = B9B531571A859F3700AB0070 /* PushNotificationDelegate.html */; };
		B9B531701A859F3700AB0070 /* Pushwoosh.framework in Frameworks */ = {isa = PBXBuildFile; fileRef = B9B531591A859F3700AB0070 /* Pushwoosh.framework */; };
		B9B531711A859F3700AB0070 /* LICENSE in Resources */ = {isa = PBXBuildFile; fileRef = B9B5315A1A859F3700AB0070 /* LICENSE */; };
		B9B531721A859F3700AB0070 /* README.md in Sources */ = {isa = PBXBuildFile; fileRef = B9B5315B1A859F3700AB0070 /* README.md */; };
		B9B531731A859F3700AB0070 /* VERSION.md in Sources */ = {isa = PBXBuildFile; fileRef = B9B5315C1A859F3700AB0070 /* VERSION.md */; };
		B9B531751A859F7B00AB0070 /* MobileCoreServices.framework in Frameworks */ = {isa = PBXBuildFile; fileRef = B9B531741A859F7B00AB0070 /* MobileCoreServices.framework */; };
/* End PBXBuildFile section */

/* Begin PBXContainerItemProxy section */
		B9B5312D1A859A9400AB0070 /* PBXContainerItemProxy */ = {
			isa = PBXContainerItemProxy;
			containerPortal = B9B5310B1A859A9300AB0070 /* Project object */;
			proxyType = 1;
			remoteGlobalIDString = B9B531121A859A9300AB0070;
			remoteInfo = "Oaxaca-Push";
		};
/* End PBXContainerItemProxy section */

/* Begin PBXFileReference section */
		B9B531131A859A9300AB0070 /* Oaxaca-Push.app */ = {isa = PBXFileReference; explicitFileType = wrapper.application; includeInIndex = 0; path = "Oaxaca-Push.app"; sourceTree = BUILT_PRODUCTS_DIR; };
		B9B531171A859A9300AB0070 /* Info.plist */ = {isa = PBXFileReference; lastKnownFileType = text.plist.xml; path = Info.plist; sourceTree = "<group>"; };
		B9B531181A859A9300AB0070 /* main.m */ = {isa = PBXFileReference; lastKnownFileType = sourcecode.c.objc; path = main.m; sourceTree = "<group>"; };
		B9B5311A1A859A9300AB0070 /* AppDelegate.h */ = {isa = PBXFileReference; lastKnownFileType = sourcecode.c.h; path = AppDelegate.h; sourceTree = "<group>"; };
		B9B5311B1A859A9400AB0070 /* AppDelegate.m */ = {isa = PBXFileReference; lastKnownFileType = sourcecode.c.objc; path = AppDelegate.m; sourceTree = "<group>"; };
		B9B5311D1A859A9400AB0070 /* ViewController.h */ = {isa = PBXFileReference; lastKnownFileType = sourcecode.c.h; path = ViewController.h; sourceTree = "<group>"; };
		B9B5311E1A859A9400AB0070 /* ViewController.m */ = {isa = PBXFileReference; lastKnownFileType = sourcecode.c.objc; path = ViewController.m; sourceTree = "<group>"; };
		B9B531211A859A9400AB0070 /* Base */ = {isa = PBXFileReference; lastKnownFileType = file.storyboard; name = Base; path = Base.lproj/Main.storyboard; sourceTree = "<group>"; };
		B9B531231A859A9400AB0070 /* Images.xcassets */ = {isa = PBXFileReference; lastKnownFileType = folder.assetcatalog; path = Images.xcassets; sourceTree = "<group>"; };
		B9B531261A859A9400AB0070 /* Base */ = {isa = PBXFileReference; lastKnownFileType = file.xib; name = Base; path = Base.lproj/LaunchScreen.xib; sourceTree = "<group>"; };
		B9B5312C1A859A9400AB0070 /* Oaxaca-PushTests.xctest */ = {isa = PBXFileReference; explicitFileType = wrapper.cfbundle; includeInIndex = 0; path = "Oaxaca-PushTests.xctest"; sourceTree = BUILT_PRODUCTS_DIR; };
		B9B531311A859A9500AB0070 /* Info.plist */ = {isa = PBXFileReference; lastKnownFileType = text.plist.xml; path = Info.plist; sourceTree = "<group>"; };
		B9B531321A859A9500AB0070 /* Oaxaca_PushTests.m */ = {isa = PBXFileReference; lastKnownFileType = sourcecode.c.objc; path = Oaxaca_PushTests.m; sourceTree = "<group>"; };
		B9B531401A859F3700AB0070 /* NSDate+RFC1123.html */ = {isa = PBXFileReference; fileEncoding = 4; lastKnownFileType = text.html.documentation; path = "NSDate+RFC1123.html"; sourceTree = "<group>"; };
		B9B531411A859F3700AB0070 /* NSString+GTMNSStringHTMLAdditions.html */ = {isa = PBXFileReference; fileEncoding = 4; lastKnownFileType = text.html.documentation; path = "NSString+GTMNSStringHTMLAdditions.html"; sourceTree = "<group>"; };
		B9B531431A859F3700AB0070 /* PushNotificationManager.html */ = {isa = PBXFileReference; fileEncoding = 4; lastKnownFileType = text.html.documentation; path = PushNotificationManager.html; sourceTree = "<group>"; };
		B9B531441A859F3700AB0070 /* PWNetworkEngine.html */ = {isa = PBXFileReference; fileEncoding = 4; lastKnownFileType = text.html.documentation; path = PWNetworkEngine.html; sourceTree = "<group>"; };
		B9B531451A859F3700AB0070 /* PWNetworkOperation.html */ = {isa = PBXFileReference; fileEncoding = 4; lastKnownFileType = text.html.documentation; path = PWNetworkOperation.html; sourceTree = "<group>"; };
		B9B531461A859F3700AB0070 /* PWReachability.html */ = {isa = PBXFileReference; fileEncoding = 4; lastKnownFileType = text.html.documentation; path = PWReachability.html; sourceTree = "<group>"; };
		B9B531471A859F3700AB0070 /* PWTags.html */ = {isa = PBXFileReference; fileEncoding = 4; lastKnownFileType = text.html.documentation; path = PWTags.html; sourceTree = "<group>"; };
		B9B531491A859F3700AB0070 /* PWBeaconAction.html */ = {isa = PBXFileReference; fileEncoding = 4; lastKnownFileType = text.html.documentation; path = PWBeaconAction.html; sourceTree = "<group>"; };
		B9B5314A1A859F3700AB0070 /* PWSupportedOrientations.html */ = {isa = PBXFileReference; fileEncoding = 4; lastKnownFileType = text.html.documentation; path = PWSupportedOrientations.html; sourceTree = "<group>"; };
		B9B5314C1A859F3700AB0070 /* styles.css */ = {isa = PBXFileReference; fileEncoding = 4; lastKnownFileType = text.css; path = styles.css; sourceTree = "<group>"; };
		B9B5314D1A859F3700AB0070 /* stylesPrint.css */ = {isa = PBXFileReference; fileEncoding = 4; lastKnownFileType = text.css; path = stylesPrint.css; sourceTree = "<group>"; };
		B9B5314E1A859F3700AB0070 /* hierarchy.html */ = {isa = PBXFileReference; fileEncoding = 4; lastKnownFileType = text.html.documentation; path = hierarchy.html; sourceTree = "<group>"; };
		B9B531501A859F3700AB0070 /* button_bar_background.png */ = {isa = PBXFileReference; lastKnownFileType = image.png; path = button_bar_background.png; sourceTree = "<group>"; };
		B9B531511A859F3700AB0070 /* disclosure.png */ = {isa = PBXFileReference; lastKnownFileType = image.png; path = disclosure.png; sourceTree = "<group>"; };
		B9B531521A859F3700AB0070 /* disclosure_open.png */ = {isa = PBXFileReference; lastKnownFileType = image.png; path = disclosure_open.png; sourceTree = "<group>"; };
		B9B531531A859F3700AB0070 /* library_background.png */ = {isa = PBXFileReference; lastKnownFileType = image.png; path = library_background.png; sourceTree = "<group>"; };
		B9B531541A859F3700AB0070 /* title_background.png */ = {isa = PBXFileReference; lastKnownFileType = image.png; path = title_background.png; sourceTree = "<group>"; };
		B9B531551A859F3700AB0070 /* index.html */ = {isa = PBXFileReference; fileEncoding = 4; lastKnownFileType = text.html.documentation; path = index.html; sourceTree = "<group>"; };
		B9B531571A859F3700AB0070 /* PushNotificationDelegate.html */ = {isa = PBXFileReference; fileEncoding = 4; lastKnownFileType = text.html.documentation; path = PushNotificationDelegate.html; sourceTree = "<group>"; };
		B9B531591A859F3700AB0070 /* Pushwoosh.framework */ = {isa = PBXFileReference; lastKnownFileType = wrapper.framework; path = Pushwoosh.framework; sourceTree = "<group>"; };
		B9B5315A1A859F3700AB0070 /* LICENSE */ = {isa = PBXFileReference; fileEncoding = 4; lastKnownFileType = text; path = LICENSE; sourceTree = "<group>"; };
		B9B5315B1A859F3700AB0070 /* README.md */ = {isa = PBXFileReference; fileEncoding = 4; lastKnownFileType = net.daringfireball.markdown; path = README.md; sourceTree = "<group>"; };
		B9B5315C1A859F3700AB0070 /* VERSION.md */ = {isa = PBXFileReference; fileEncoding = 4; lastKnownFileType = net.daringfireball.markdown; path = VERSION.md; sourceTree = "<group>"; };
		B9B531741A859F7B00AB0070 /* MobileCoreServices.framework */ = {isa = PBXFileReference; lastKnownFileType = wrapper.framework; name = MobileCoreServices.framework; path = System/Library/Frameworks/MobileCoreServices.framework; sourceTree = SDKROOT; };
/* End PBXFileReference section */

/* Begin PBXFrameworksBuildPhase section */
		B9B531101A859A9300AB0070 /* Frameworks */ = {
			isa = PBXFrameworksBuildPhase;
			buildActionMask = 2147483647;
			files = (
				B9B531751A859F7B00AB0070 /* MobileCoreServices.framework in Frameworks */,
				B9B531701A859F3700AB0070 /* Pushwoosh.framework in Frameworks */,
			);
			runOnlyForDeploymentPostprocessing = 0;
		};
		B9B531291A859A9400AB0070 /* Frameworks */ = {
			isa = PBXFrameworksBuildPhase;
			buildActionMask = 2147483647;
			files = (
			);
			runOnlyForDeploymentPostprocessing = 0;
		};
/* End PBXFrameworksBuildPhase section */

/* Begin PBXGroup section */
		B9B5310A1A859A9300AB0070 = {
			isa = PBXGroup;
			children = (
				B9B531151A859A9300AB0070 /* Oaxaca-Push */,
				B9B5312F1A859A9400AB0070 /* Oaxaca-PushTests */,
				B9B531141A859A9300AB0070 /* Products */,
			);
			sourceTree = "<group>";
		};
		B9B531141A859A9300AB0070 /* Products */ = {
			isa = PBXGroup;
			children = (
				B9B531131A859A9300AB0070 /* Oaxaca-Push.app */,
				B9B5312C1A859A9400AB0070 /* Oaxaca-PushTests.xctest */,
			);
			name = Products;
			sourceTree = "<group>";
		};
		B9B531151A859A9300AB0070 /* Oaxaca-Push */ = {
			isa = PBXGroup;
			children = (
				B9B5313C1A859F2200AB0070 /* Frameworks */,
				B9B5311A1A859A9300AB0070 /* AppDelegate.h */,
				B9B5311B1A859A9400AB0070 /* AppDelegate.m */,
				B9B5311D1A859A9400AB0070 /* ViewController.h */,
				B9B5311E1A859A9400AB0070 /* ViewController.m */,
				B9B531201A859A9400AB0070 /* Main.storyboard */,
				B9B531231A859A9400AB0070 /* Images.xcassets */,
				B9B531251A859A9400AB0070 /* LaunchScreen.xib */,
				B9B531161A859A9300AB0070 /* Supporting Files */,
				B9B5313D1A859F3700AB0070 /* pushwoosh-ios-sdk-master */,
			);
			path = "Oaxaca-Push";
			sourceTree = "<group>";
		};
		B9B531161A859A9300AB0070 /* Supporting Files */ = {
			isa = PBXGroup;
			children = (
				B9B531171A859A9300AB0070 /* Info.plist */,
				B9B531181A859A9300AB0070 /* main.m */,
			);
			name = "Supporting Files";
			sourceTree = "<group>";
		};
		B9B5312F1A859A9400AB0070 /* Oaxaca-PushTests */ = {
			isa = PBXGroup;
			children = (
				B9B531321A859A9500AB0070 /* Oaxaca_PushTests.m */,
				B9B531301A859A9500AB0070 /* Supporting Files */,
			);
			path = "Oaxaca-PushTests";
			sourceTree = "<group>";
		};
		B9B531301A859A9500AB0070 /* Supporting Files */ = {
			isa = PBXGroup;
			children = (
				B9B531311A859A9500AB0070 /* Info.plist */,
			);
			name = "Supporting Files";
			sourceTree = "<group>";
		};
		B9B5313C1A859F2200AB0070 /* Frameworks */ = {
			isa = PBXGroup;
			children = (
			);
			name = Frameworks;
			sourceTree = "<group>";
		};
		B9B5313D1A859F3700AB0070 /* pushwoosh-ios-sdk-master */ = {
			isa = PBXGroup;
			children = (
				B9B5313E1A859F3700AB0070 /* Documentation */,
				B9B531581A859F3700AB0070 /* Framework */,
				B9B5315A1A859F3700AB0070 /* LICENSE */,
				B9B5315B1A859F3700AB0070 /* README.md */,
				B9B5315C1A859F3700AB0070 /* VERSION.md */,
			);
			path = "pushwoosh-ios-sdk-master";
			sourceTree = SOURCE_ROOT;
		};
		B9B5313E1A859F3700AB0070 /* Documentation */ = {
			isa = PBXGroup;
			children = (
				B9B5313F1A859F3700AB0070 /* Categories */,
				B9B531421A859F3700AB0070 /* Classes */,
				B9B531481A859F3700AB0070 /* Constants */,
				B9B5314B1A859F3700AB0070 /* css */,
				B9B5314E1A859F3700AB0070 /* hierarchy.html */,
				B9B5314F1A859F3700AB0070 /* img */,
				B9B531551A859F3700AB0070 /* index.html */,
				B9B531561A859F3700AB0070 /* Protocols */,
			);
			path = Documentation;
			sourceTree = "<group>";
		};
		B9B5313F1A859F3700AB0070 /* Categories */ = {
			isa = PBXGroup;
			children = (
				B9B531401A859F3700AB0070 /* NSDate+RFC1123.html */,
				B9B531411A859F3700AB0070 /* NSString+GTMNSStringHTMLAdditions.html */,
			);
			path = Categories;
			sourceTree = "<group>";
		};
		B9B531421A859F3700AB0070 /* Classes */ = {
			isa = PBXGroup;
			children = (
				B9B531431A859F3700AB0070 /* PushNotificationManager.html */,
				B9B531441A859F3700AB0070 /* PWNetworkEngine.html */,
				B9B531451A859F3700AB0070 /* PWNetworkOperation.html */,
				B9B531461A859F3700AB0070 /* PWReachability.html */,
				B9B531471A859F3700AB0070 /* PWTags.html */,
			);
			path = Classes;
			sourceTree = "<group>";
		};
		B9B531481A859F3700AB0070 /* Constants */ = {
			isa = PBXGroup;
			children = (
				B9B531491A859F3700AB0070 /* PWBeaconAction.html */,
				B9B5314A1A859F3700AB0070 /* PWSupportedOrientations.html */,
			);
			path = Constants;
			sourceTree = "<group>";
		};
		B9B5314B1A859F3700AB0070 /* css */ = {
			isa = PBXGroup;
			children = (
				B9B5314C1A859F3700AB0070 /* styles.css */,
				B9B5314D1A859F3700AB0070 /* stylesPrint.css */,
			);
			path = css;
			sourceTree = "<group>";
		};
		B9B5314F1A859F3700AB0070 /* img */ = {
			isa = PBXGroup;
			children = (
				B9B531501A859F3700AB0070 /* button_bar_background.png */,
				B9B531511A859F3700AB0070 /* disclosure.png */,
				B9B531521A859F3700AB0070 /* disclosure_open.png */,
				B9B531531A859F3700AB0070 /* library_background.png */,
				B9B531541A859F3700AB0070 /* title_background.png */,
			);
			path = img;
			sourceTree = "<group>";
		};
		B9B531561A859F3700AB0070 /* Protocols */ = {
			isa = PBXGroup;
			children = (
				B9B531571A859F3700AB0070 /* PushNotificationDelegate.html */,
			);
			path = Protocols;
			sourceTree = "<group>";
		};
		B9B531581A859F3700AB0070 /* Framework */ = {
			isa = PBXGroup;
			children = (
				B9B531591A859F3700AB0070 /* Pushwoosh.framework */,
				B9B531741A859F7B00AB0070 /* MobileCoreServices.framework */,
			);
			path = Framework;
			sourceTree = "<group>";
		};
/* End PBXGroup section */

/* Begin PBXNativeTarget section */
		B9B531121A859A9300AB0070 /* Oaxaca-Push */ = {
			isa = PBXNativeTarget;
			buildConfigurationList = B9B531361A859A9500AB0070 /* Build configuration list for PBXNativeTarget "Oaxaca-Push" */;
			buildPhases = (
				B9B5310F1A859A9300AB0070 /* Sources */,
				B9B531101A859A9300AB0070 /* Frameworks */,
				B9B531111A859A9300AB0070 /* Resources */,
			);
			buildRules = (
			);
			dependencies = (
			);
			name = "Oaxaca-Push";
			productName = "Oaxaca-Push";
			productReference = B9B531131A859A9300AB0070 /* Oaxaca-Push.app */;
			productType = "com.apple.product-type.application";
		};
		B9B5312B1A859A9400AB0070 /* Oaxaca-PushTests */ = {
			isa = PBXNativeTarget;
			buildConfigurationList = B9B531391A859A9500AB0070 /* Build configuration list for PBXNativeTarget "Oaxaca-PushTests" */;
			buildPhases = (
				B9B531281A859A9400AB0070 /* Sources */,
				B9B531291A859A9400AB0070 /* Frameworks */,
				B9B5312A1A859A9400AB0070 /* Resources */,
			);
			buildRules = (
			);
			dependencies = (
				B9B5312E1A859A9400AB0070 /* PBXTargetDependency */,
			);
			name = "Oaxaca-PushTests";
			productName = "Oaxaca-PushTests";
			productReference = B9B5312C1A859A9400AB0070 /* Oaxaca-PushTests.xctest */;
			productType = "com.apple.product-type.bundle.unit-test";
		};
/* End PBXNativeTarget section */

/* Begin PBXProject section */
		B9B5310B1A859A9300AB0070 /* Project object */ = {
			isa = PBXProject;
			attributes = {
				LastUpgradeCheck = 0610;
				ORGANIZATIONNAME = Leonel_GPR;
				TargetAttributes = {
					B9B531121A859A9300AB0070 = {
						CreatedOnToolsVersion = 6.1.1;
					};
					B9B5312B1A859A9400AB0070 = {
						CreatedOnToolsVersion = 6.1.1;
						TestTargetID = B9B531121A859A9300AB0070;
					};
				};
			};
			buildConfigurationList = B9B5310E1A859A9300AB0070 /* Build configuration list for PBXProject "Oaxaca-Push" */;
			compatibilityVersion = "Xcode 3.2";
			developmentRegion = English;
			hasScannedForEncodings = 0;
			knownRegions = (
				en,
				Base,
			);
			mainGroup = B9B5310A1A859A9300AB0070;
			productRefGroup = B9B531141A859A9300AB0070 /* Products */;
			projectDirPath = "";
			projectRoot = "";
			targets = (
				B9B531121A859A9300AB0070 /* Oaxaca-Push */,
				B9B5312B1A859A9400AB0070 /* Oaxaca-PushTests */,
			);
		};
/* End PBXProject section */

/* Begin PBXResourcesBuildPhase section */
		B9B531111A859A9300AB0070 /* Resources */ = {
			isa = PBXResourcesBuildPhase;
			buildActionMask = 2147483647;
			files = (
				B9B5316E1A859F3700AB0070 /* index.html in Resources */,
				B9B531601A859F3700AB0070 /* PWNetworkEngine.html in Resources */,
				B9B5316C1A859F3700AB0070 /* library_background.png in Resources */,
				B9B531641A859F3700AB0070 /* PWBeaconAction.html in Resources */,
				B9B531221A859A9400AB0070 /* Main.storyboard in Resources */,
				B9B531671A859F3700AB0070 /* stylesPrint.css in Resources */,
				B9B5316F1A859F3700AB0070 /* PushNotificationDelegate.html in Resources */,
				B9B5316B1A859F3700AB0070 /* disclosure_open.png in Resources */,
				B9B531651A859F3700AB0070 /* PWSupportedOrientations.html in Resources */,
				B9B531661A859F3700AB0070 /* styles.css in Resources */,
				B9B5316A1A859F3700AB0070 /* disclosure.png in Resources */,
				B9B531631A859F3700AB0070 /* PWTags.html in Resources */,
				B9B531271A859A9400AB0070 /* LaunchScreen.xib in Resources */,
				B9B531711A859F3700AB0070 /* LICENSE in Resources */,
				B9B5315E1A859F3700AB0070 /* NSString+GTMNSStringHTMLAdditions.html in Resources */,
				B9B531621A859F3700AB0070 /* PWReachability.html in Resources */,
				B9B531611A859F3700AB0070 /* PWNetworkOperation.html in Resources */,
				B9B531691A859F3700AB0070 /* button_bar_background.png in Resources */,
				B9B5315D1A859F3700AB0070 /* NSDate+RFC1123.html in Resources */,
				B9B5316D1A859F3700AB0070 /* title_background.png in Resources */,
				B9B531241A859A9400AB0070 /* Images.xcassets in Resources */,
				B9B531681A859F3700AB0070 /* hierarchy.html in Resources */,
				B9B5315F1A859F3700AB0070 /* PushNotificationManager.html in Resources */,
			);
			runOnlyForDeploymentPostprocessing = 0;
		};
		B9B5312A1A859A9400AB0070 /* Resources */ = {
			isa = PBXResourcesBuildPhase;
			buildActionMask = 2147483647;
			files = (
			);
			runOnlyForDeploymentPostprocessing = 0;
		};
/* End PBXResourcesBuildPhase section */

/* Begin PBXSourcesBuildPhase section */
		B9B5310F1A859A9300AB0070 /* Sources */ = {
			isa = PBXSourcesBuildPhase;
			buildActionMask = 2147483647;
			files = (
				B9B5311F1A859A9400AB0070 /* ViewController.m in Sources */,
				B9B5311C1A859A9400AB0070 /* AppDelegate.m in Sources */,
				B9B531731A859F3700AB0070 /* VERSION.md in Sources */,
				B9B531721A859F3700AB0070 /* README.md in Sources */,
				B9B531191A859A9300AB0070 /* main.m in Sources */,
			);
			runOnlyForDeploymentPostprocessing = 0;
		};
		B9B531281A859A9400AB0070 /* Sources */ = {
			isa = PBXSourcesBuildPhase;
			buildActionMask = 2147483647;
			files = (
				B9B531331A859A9500AB0070 /* Oaxaca_PushTests.m in Sources */,
			);
			runOnlyForDeploymentPostprocessing = 0;
		};
/* End PBXSourcesBuildPhase section */

/* Begin PBXTargetDependency section */
		B9B5312E1A859A9400AB0070 /* PBXTargetDependency */ = {
			isa = PBXTargetDependency;
			target = B9B531121A859A9300AB0070 /* Oaxaca-Push */;
			targetProxy = B9B5312D1A859A9400AB0070 /* PBXContainerItemProxy */;
		};
/* End PBXTargetDependency section */

/* Begin PBXVariantGroup section */
		B9B531201A859A9400AB0070 /* Main.storyboard */ = {
			isa = PBXVariantGroup;
			children = (
				B9B531211A859A9400AB0070 /* Base */,
			);
			name = Main.storyboard;
			sourceTree = "<group>";
		};
		B9B531251A859A9400AB0070 /* LaunchScreen.xib */ = {
			isa = PBXVariantGroup;
			children = (
				B9B531261A859A9400AB0070 /* Base */,
			);
			name = LaunchScreen.xib;
			sourceTree = "<group>";
		};
/* End PBXVariantGroup section */

/* Begin XCBuildConfiguration section */
		B9B531341A859A9500AB0070 /* Debug */ = {
			isa = XCBuildConfiguration;
			buildSettings = {
				ALWAYS_SEARCH_USER_PATHS = NO;
				CLANG_CXX_LANGUAGE_STANDARD = "gnu++0x";
				CLANG_CXX_LIBRARY = "libc++";
				CLANG_ENABLE_MODULES = YES;
				CLANG_ENABLE_OBJC_ARC = YES;
				CLANG_WARN_BOOL_CONVERSION = YES;
				CLANG_WARN_CONSTANT_CONVERSION = YES;
				CLANG_WARN_DIRECT_OBJC_ISA_USAGE = YES_ERROR;
				CLANG_WARN_EMPTY_BODY = YES;
				CLANG_WARN_ENUM_CONVERSION = YES;
				CLANG_WARN_INT_CONVERSION = YES;
				CLANG_WARN_OBJC_ROOT_CLASS = YES_ERROR;
				CLANG_WARN_UNREACHABLE_CODE = YES;
				CLANG_WARN__DUPLICATE_METHOD_MATCH = YES;
				"CODE_SIGN_IDENTITY[sdk=iphoneos*]" = "iPhone Developer";
				COPY_PHASE_STRIP = NO;
				ENABLE_STRICT_OBJC_MSGSEND = YES;
				GCC_C_LANGUAGE_STANDARD = gnu99;
				GCC_DYNAMIC_NO_PIC = NO;
				GCC_OPTIMIZATION_LEVEL = 0;
				GCC_PREPROCESSOR_DEFINITIONS = (
					"DEBUG=1",
					"$(inherited)",
				);
				GCC_SYMBOLS_PRIVATE_EXTERN = NO;
				GCC_WARN_64_TO_32_BIT_CONVERSION = YES;
				GCC_WARN_ABOUT_RETURN_TYPE = YES_ERROR;
				GCC_WARN_UNDECLARED_SELECTOR = YES;
				GCC_WARN_UNINITIALIZED_AUTOS = YES_AGGRESSIVE;
				GCC_WARN_UNUSED_FUNCTION = YES;
				GCC_WARN_UNUSED_VARIABLE = YES;
				IPHONEOS_DEPLOYMENT_TARGET = 8.1;
				MTL_ENABLE_DEBUG_INFO = YES;
				ONLY_ACTIVE_ARCH = YES;
				SDKROOT = iphoneos;
				TARGETED_DEVICE_FAMILY = "1,2";
			};
			name = Debug;
		};
		B9B531351A859A9500AB0070 /* Release */ = {
			isa = XCBuildConfiguration;
			buildSettings = {
				ALWAYS_SEARCH_USER_PATHS = NO;
				CLANG_CXX_LANGUAGE_STANDARD = "gnu++0x";
				CLANG_CXX_LIBRARY = "libc++";
				CLANG_ENABLE_MODULES = YES;
				CLANG_ENABLE_OBJC_ARC = YES;
				CLANG_WARN_BOOL_CONVERSION = YES;
				CLANG_WARN_CONSTANT_CONVERSION = YES;
				CLANG_WARN_DIRECT_OBJC_ISA_USAGE = YES_ERROR;
				CLANG_WARN_EMPTY_BODY = YES;
				CLANG_WARN_ENUM_CONVERSION = YES;
				CLANG_WARN_INT_CONVERSION = YES;
				CLANG_WARN_OBJC_ROOT_CLASS = YES_ERROR;
				CLANG_WARN_UNREACHABLE_CODE = YES;
				CLANG_WARN__DUPLICATE_METHOD_MATCH = YES;
				"CODE_SIGN_IDENTITY[sdk=iphoneos*]" = "iPhone Developer";
				COPY_PHASE_STRIP = YES;
				ENABLE_NS_ASSERTIONS = NO;
				ENABLE_STRICT_OBJC_MSGSEND = YES;
				GCC_C_LANGUAGE_STANDARD = gnu99;
				GCC_WARN_64_TO_32_BIT_CONVERSION = YES;
				GCC_WARN_ABOUT_RETURN_TYPE = YES_ERROR;
				GCC_WARN_UNDECLARED_SELECTOR = YES;
				GCC_WARN_UNINITIALIZED_AUTOS = YES_AGGRESSIVE;
				GCC_WARN_UNUSED_FUNCTION = YES;
				GCC_WARN_UNUSED_VARIABLE = YES;
				IPHONEOS_DEPLOYMENT_TARGET = 8.1;
				MTL_ENABLE_DEBUG_INFO = NO;
				SDKROOT = iphoneos;
				TARGETED_DEVICE_FAMILY = "1,2";
				VALIDATE_PRODUCT = YES;
			};
			name = Release;
		};
		B9B531371A859A9500AB0070 /* Debug */ = {
			isa = XCBuildConfiguration;
			buildSettings = {
				ASSETCATALOG_COMPILER_APPICON_NAME = AppIcon;
				FRAMEWORK_SEARCH_PATHS = (
					"$(inherited)",
					"$(PROJECT_DIR)/pushwoosh-ios-sdk-master/Framework",
				);
				INFOPLIST_FILE = "Oaxaca-Push/Info.plist";
				LD_RUNPATH_SEARCH_PATHS = "$(inherited) @executable_path/Frameworks";
				OTHER_LDFLAGS = "-ObjC";
				PRODUCT_NAME = "$(TARGET_NAME)";
				PROVISIONING_PROFILE = "ddb22cfb-19e4-4b8f-8319-273ec37c8e87";
			};
			name = Debug;
		};
		B9B531381A859A9500AB0070 /* Release */ = {
			isa = XCBuildConfiguration;
			buildSettings = {
				ASSETCATALOG_COMPILER_APPICON_NAME = AppIcon;
				FRAMEWORK_SEARCH_PATHS = (
					"$(inherited)",
					"$(PROJECT_DIR)/pushwoosh-ios-sdk-master/Framework",
				);
				INFOPLIST_FILE = "Oaxaca-Push/Info.plist";
				LD_RUNPATH_SEARCH_PATHS = "$(inherited) @executable_path/Frameworks";
				OTHER_LDFLAGS = "-ObjC";
				PRODUCT_NAME = "$(TARGET_NAME)";
				PROVISIONING_PROFILE = "ddb22cfb-19e4-4b8f-8319-273ec37c8e87";
			};
			name = Release;
		};
		B9B5313A1A859A9500AB0070 /* Debug */ = {
			isa = XCBuildConfiguration;
			buildSettings = {
				BUNDLE_LOADER = "$(TEST_HOST)";
				FRAMEWORK_SEARCH_PATHS = (
					"$(SDKROOT)/Developer/Library/Frameworks",
					"$(inherited)",
				);
				GCC_PREPROCESSOR_DEFINITIONS = (
					"DEBUG=1",
					"$(inherited)",
				);
				INFOPLIST_FILE = "Oaxaca-PushTests/Info.plist";
				LD_RUNPATH_SEARCH_PATHS = "$(inherited) @executable_path/Frameworks @loader_path/Frameworks";
				PRODUCT_NAME = "$(TARGET_NAME)";
				TEST_HOST = "$(BUILT_PRODUCTS_DIR)/Oaxaca-Push.app/Oaxaca-Push";
			};
			name = Debug;
		};
		B9B5313B1A859A9500AB0070 /* Release */ = {
			isa = XCBuildConfiguration;
			buildSettings = {
				BUNDLE_LOADER = "$(TEST_HOST)";
				FRAMEWORK_SEARCH_PATHS = (
					"$(SDKROOT)/Developer/Library/Frameworks",
					"$(inherited)",
				);
				INFOPLIST_FILE = "Oaxaca-PushTests/Info.plist";
				LD_RUNPATH_SEARCH_PATHS = "$(inherited) @executable_path/Frameworks @loader_path/Frameworks";
				PRODUCT_NAME = "$(TARGET_NAME)";
				TEST_HOST = "$(BUILT_PRODUCTS_DIR)/Oaxaca-Push.app/Oaxaca-Push";
			};
			name = Release;
		};
/* End XCBuildConfiguration section */

/* Begin XCConfigurationList section */
		B9B5310E1A859A9300AB0070 /* Build configuration list for PBXProject "Oaxaca-Push" */ = {
			isa = XCConfigurationList;
			buildConfigurations = (
				B9B531341A859A9500AB0070 /* Debug */,
				B9B531351A859A9500AB0070 /* Release */,
			);
			defaultConfigurationIsVisible = 0;
			defaultConfigurationName = Release;
		};
		B9B531361A859A9500AB0070 /* Build configuration list for PBXNativeTarget "Oaxaca-Push" */ = {
			isa = XCConfigurationList;
			buildConfigurations = (
				B9B531371A859A9500AB0070 /* Debug */,
				B9B531381A859A9500AB0070 /* Release */,
			);
			defaultConfigurationIsVisible = 0;
			defaultConfigurationName = Release;
		};
		B9B531391A859A9500AB0070 /* Build configuration list for PBXNativeTarget "Oaxaca-PushTests" */ = {
			isa = XCConfigurationList;
			buildConfigurations = (
				B9B5313A1A859A9500AB0070 /* Debug */,
				B9B5313B1A859A9500AB0070 /* Release */,
			);
			defaultConfigurationIsVisible = 0;
			defaultConfigurationName = Release;
		};
/* End XCConfigurationList section */
	};
	rootObject = B9B5310B1A859A9300AB0070 /* Project object */;
}
